
Microsoft Visual Studio Solution File, Format Version 12.00
# Visual Studio 15
VisualStudioVersion = 15.0.28307.271
MinimumVisualStudioVersion = 10.0.40219.1
Project("{FAE04EC0-301F-11D3-BF4B-00C04F79EFBC}") = "digitalATM", "digitalATM\digitalATM.csproj", "{65902BE6-A5A2-4296-A31B-F35EAFB815E3}"
EndProject
Project("{FAE04EC0-301F-11D3-BF4B-00C04F79EFBC}") = "digitalATM_TDD", "..\digitalATM_TDD\digitalATM_TDD.csproj", "{01272636-4659-476E-9A8A-9F7E4E15D9D8}"
EndProject
Global
	GlobalSection(SolutionConfigurationPlatforms) = preSolution
		Debug|Any CPU = Debug|Any CPU
		Release|Any CPU = Release|Any CPU
	EndGlobalSection
	GlobalSection(ProjectConfigurationPlatforms) = postSolution
		{65902BE6-A5A2-4296-A31B-F35EAFB815E3}.Debug|Any CPU.ActiveCfg = Debug|Any CPU
		{65902BE6-A5A2-4296-A31B-F35EAFB815E3}.Debug|Any CPU.Build.0 = Debug|Any CPU
		{65902BE6-A5A2-4296-A31B-F35EAFB815E3}.Release|Any CPU.ActiveCfg = Release|Any CPU
		{65902BE6-A5A2-4296-A31B-F35EAFB815E3}.Release|Any CPU.Build.0 = Release|Any CPU
		{01272636-4659-476E-9A8A-9F7E4E15D9D8}.Debug|Any CPU.ActiveCfg = Debug|Any CPU
		{01272636-4659-476E-9A8A-9F7E4E15D9D8}.Debug|Any CPU.Build.0 = Debug|Any CPU
		{01272636-4659-476E-9A8A-9F7E4E15D9D8}.Release|Any CPU.ActiveCfg = Release|Any CPU
		{01272636-4659-476E-9A8A-9F7E4E15D9D8}.Release|Any CPU.Build.0 = Release|Any CPU
	EndGlobalSection
	GlobalSection(SolutionProperties) = preSolution
		HideSolutionNode = FALSE
	EndGlobalSection
	GlobalSection(ExtensibilityGlobals) = postSolution
		SolutionGuid = {CDE38B1C-D603-4B99-9F35-C5F6ED5DBCB5}
	EndGlobalSection
EndGlobal
